
Microsoft Visual Studio Solution File, Format Version 12.00
# Visual Studio Version 17
VisualStudioVersion = 17.10.35122.118
MinimumVisualStudioVersion = 10.0.40219.1
Project("{FAE04EC0-301F-11D3-BF4B-00C04F79EFBC}") = "Tournament.Api", "Tournament.Api\Tournament.Api.csproj", "{67F9B43B-7918-4EAA-83A4-F3CA9126CD40}"
	ProjectSection(ProjectDependencies) = postProject
		{9AED75B0-B2B6-48F7-A049-12FF176F0EA7} = {9AED75B0-B2B6-48F7-A049-12FF176F0EA7}
		{C61FCB5D-F82C-4756-BA34-9362E0FFCC1F} = {C61FCB5D-F82C-4756-BA34-9362E0FFCC1F}
	EndProjectSection
EndProject
Project("{FAE04EC0-301F-11D3-BF4B-00C04F79EFBC}") = "Tournament.Core", "Tournament.Core\Tournament.Core.csproj", "{C61FCB5D-F82C-4756-BA34-9362E0FFCC1F}"
EndProject
Project("{FAE04EC0-301F-11D3-BF4B-00C04F79EFBC}") = "Tournament.Data", "Tournament.Data\Tournament.Data.csproj", "{9AED75B0-B2B6-48F7-A049-12FF176F0EA7}"
	ProjectSection(ProjectDependencies) = postProject
		{C61FCB5D-F82C-4756-BA34-9362E0FFCC1F} = {C61FCB5D-F82C-4756-BA34-9362E0FFCC1F}
	EndProjectSection
EndProject
Global
	GlobalSection(SolutionConfigurationPlatforms) = preSolution
		Debug|Any CPU = Debug|Any CPU
		Release|Any CPU = Release|Any CPU
	EndGlobalSection
	GlobalSection(ProjectConfigurationPlatforms) = postSolution
		{67F9B43B-7918-4EAA-83A4-F3CA9126CD40}.Debug|Any CPU.ActiveCfg = Debug|Any CPU
		{67F9B43B-7918-4EAA-83A4-F3CA9126CD40}.Debug|Any CPU.Build.0 = Debug|Any CPU
		{67F9B43B-7918-4EAA-83A4-F3CA9126CD40}.Release|Any CPU.ActiveCfg = Release|Any CPU
		{67F9B43B-7918-4EAA-83A4-F3CA9126CD40}.Release|Any CPU.Build.0 = Release|Any CPU
		{C61FCB5D-F82C-4756-BA34-9362E0FFCC1F}.Debug|Any CPU.ActiveCfg = Debug|Any CPU
		{C61FCB5D-F82C-4756-BA34-9362E0FFCC1F}.Debug|Any CPU.Build.0 = Debug|Any CPU
		{C61FCB5D-F82C-4756-BA34-9362E0FFCC1F}.Release|Any CPU.ActiveCfg = Release|Any CPU
		{C61FCB5D-F82C-4756-BA34-9362E0FFCC1F}.Release|Any CPU.Build.0 = Release|Any CPU
		{9AED75B0-B2B6-48F7-A049-12FF176F0EA7}.Debug|Any CPU.ActiveCfg = Debug|Any CPU
		{9AED75B0-B2B6-48F7-A049-12FF176F0EA7}.Debug|Any CPU.Build.0 = Debug|Any CPU
		{9AED75B0-B2B6-48F7-A049-12FF176F0EA7}.Release|Any CPU.ActiveCfg = Release|Any CPU
		{9AED75B0-B2B6-48F7-A049-12FF176F0EA7}.Release|Any CPU.Build.0 = Release|Any CPU
	EndGlobalSection
	GlobalSection(SolutionProperties) = preSolution
		HideSolutionNode = FALSE
	EndGlobalSection
	GlobalSection(ExtensibilityGlobals) = postSolution
		SolutionGuid = {047B8C7E-5B58-44AF-A1DD-F5A241DF5D01}
	EndGlobalSection
EndGlobal
